{
    "version": 3,
    "terraform_version": "0.11.11",
    "serial": 4,
    "lineage": "6e944c2f-e0aa-f49f-4dd6-d0e63b10ff9f",
    "modules": [
        {
            "path": [
                "root"
            ],
            "outputs": {},
            "resources": {
                "google_container_cluster.gke-cluster": {
                    "type": "google_container_cluster",
                    "depends_on": [],
                    "primary": {
                        "id": "gke-cluster-1",
                        "attributes": {
                            "additional_zones.#": "0",
                            "addons_config.#": "1",
                            "addons_config.0.horizontal_pod_autoscaling.#": "0",
                            "addons_config.0.http_load_balancing.#": "0",
                            "addons_config.0.kubernetes_dashboard.#": "1",
                            "addons_config.0.kubernetes_dashboard.0.disabled": "true",
                            "addons_config.0.network_policy_config.#": "1",
                            "addons_config.0.network_policy_config.0.disabled": "true",
                            "cluster_autoscaling.#": "0",
                            "cluster_ipv4_cidr": "10.12.0.0/14",
                            "description": "",
                            "enable_binary_authorization": "false",
                            "enable_kubernetes_alpha": "false",
                            "enable_legacy_abac": "false",
                            "enable_tpu": "false",
                            "endpoint": "35.241.247.95",
                            "id": "gke-cluster-1",
                            "initial_node_count": "1",
                            "instance_group_urls.#": "1",
                            "instance_group_urls.0": "https://www.googleapis.com/compute/v1/projects/clarapcp-ea-ilyas-husein/zones/europe-west1-b/instanceGroups/gke-gke-cluster-1-default-pool-5426c520-grp",
                            "ip_allocation_policy.#": "0",
                            "logging_service": "logging.googleapis.com",
                            "maintenance_policy.#": "0",
                            "master_auth.#": "1",
                            "master_auth.0.client_certificate": "LS0tLS1CRUdJTiBDRVJUSUZJQ0FURS0tLS0tCk1JSUMyakNDQWNLZ0F3SUJBZ0lRRXhxRzRqZGNjTWpkQjBKNTVyRXV0REFOQmdrcWhraUc5dzBCQVFzRkFEQXYKTVMwd0t3WURWUVFERXlRek9ESXlPV0psWkMwNE1tRTVMVFJrT0RjdE9EZ3dNeTB6Wm1NeU1HRTVOakptTW1FdwpIaGNOTVRrd01USXhNak15TnpVNFdoY05NalF3TVRJd01qTXlOelU0V2pBUk1ROHdEUVlEVlFRREV3WmpiR2xsCmJuUXdnZ0VpTUEwR0NTcUdTSWIzRFFFQkFRVUFBNElCRHdBd2dnRUtBb0lCQVFEVVVuRDhIamZsRCtwOG5JbG8KY2Y4bldsQzJHcWV6Y25Ub3VzNTBCU1pYa0IxL0dSUk1VT0R5ZG4rZEhzVUJTMy9lMUJ3eWZTeDNObCtjU0ZicgpIbXQ5SDJ3K1Z0ZVQxN2tEaFJ2Q2ZWSTVTTFVVSjVDZUhVaFZJbHVEaXRtTzFobmtncWdvc2ZVNEJnSkZkZnJZCnFRRTFBOXJMcUxpZ0NaaXFGeVEvTVN1c2xpM3pyaktxR05yd011RzloMHc0ZFprc2sxUldER1lsQnJlcmluQ28KRk1VejZLdk0rTHBBcG9RdVJZNjVrZTQxR3BMOGttOGkrelZteUNUMnpNejZ4NDV3bDVlek5iaC80dm5TMVFGegpqcGZuU0pSRG9oK2x4SzBlZzd2eGx4UFVZZEFERjFpQ3BPL3Z3cXhUYzhWQ1Vva1pXWFBWOUVvWlZmS1p4RjEwCi81U25BZ01CQUFHakVEQU9NQXdHQTFVZEV3RUIvd1FDTUFBd0RRWUpLb1pJaHZjTkFRRUxCUUFEZ2dFQkFFSm4KeE9oTGN1T0NUeXIwbGo3Q2tVTmpYL2FZNmw0K29idTBUdmNuZ0lPMk9HR1Nsd0l6RW15TGVpTncyY3FFRVlidgozbXBLYzdJdzVMaFJ4aUtkbnczbW0rRWRQMng0VURCWFhOTkRISUM4U1pOeDhIVWlHRWtWRzNUL01xREhaMHR3Clk1RTJ2c21ibDB1UzNXeVMxbDJFZlkvU2xVTWxJTDJQMkMvcXZwdWJZVXNFaG5wRXJNZXV0VHdMdlh1aCs4ZDkKRlVLN1FXT25aZzRsTE12TkRsZlg1d0EyZXFpVXpWQ24wRzlzdFVlRFhRWEVYUzcxUXJ1SW5aWkxUNHdMR3g2QwpKSEJyRW8wS1o2OFYvcndGSUxYS0ZHQURONDVreU9zZTRlYjc5VWliWGkyUUZOUnp4eXhVaE1ybVM1TlROUDcvCmtQbEhaS2JKV0dydlRNcVhsVFE9Ci0tLS0tRU5EIENFUlRJRklDQVRFLS0tLS0K",
                            "master_auth.0.client_certificate_config.#": "0",
                            "master_auth.0.client_key": "LS0tLS1CRUdJTiBSU0EgUFJJVkFURSBLRVktLS0tLQpNSUlFcFFJQkFBS0NBUUVBMUZKdy9CNDM1US9xZkp5SmFISC9KMXBRdGhxbnMzSjA2THJPZEFVbVY1QWRmeGtVClRGRGc4blovblI3RkFVdC8zdFFjTW4wc2R6WmZuRWhXNng1cmZSOXNQbGJYazllNUE0VWJ3bjFTT1VpMUZDZVEKbmgxSVZTSmJnNHJaanRZWjVJS29LTEgxT0FZQ1JYWDYyS2tCTlFQYXk2aTRvQW1ZcWhja1B6RXJySll0ODY0eQpxaGphOERMaHZZZE1PSFdaTEpOVVZneG1KUWEzcTRwd3FCVEZNK2lyelBpNlFLYUVMa1dPdVpIdU5ScVMvSkp2Ckl2czFac2drOXN6TStzZU9jSmVYc3pXNGYrTDUwdFVCYzQ2WDUwaVVRNklmcGNTdEhvTzc4WmNUMUdIUUF4ZFkKZ3FUdjc4S3NVM1BGUWxLSkdWbHoxZlJLR1ZYeW1jUmRkUCtVcHdJREFRQUJBb0lCQUNHZUdXR2NtZXV5TDNCMwppenpNVlVLeWhzdXVsaFdsbVE2RENzNmltaHJoMDFSeWNNZW5SQUZmOHlpNk1kQ0RWeHNTL3BGSDhkTVdVRFo3Ck1HS2Q0eFcybjA3bmlubFFLTUorbFpIMUxIV3NKaHBXTEF4bm1vZWxudjUwUWxUZXRYbDhROS9kcUI2c3VqaXIKOWl4NU8wV3lUSXhUMzBKZEFwMFJJNTRWelAwbHFHREp4YVNsVkdpZnc2dTlZQ25YMEEwRk1rSGRXMXJCc2c5NworT3ZEWnhpTlVha0FoenlkQkxBZnNhZjZRenZTMXMyMDQvdDFaVkg1bUdxakphK0lRRkVqeUtkcjBUa0pqWEY4CkoreXUraUdUUmtZR1lyQldhQXAvUXVYYWJzeWN6TGN2d1lJOWsvUmV1SzhHdmt6Tlp2T2FZenpXQ2t2dGZtRysKMXc0dFp5RUNnWUVBNlVrUkVoT0UrV1FnSXZINVBIVzc0RDRoZUkzYlFFeVUrOExCTTJRWm5SSmF4d0lsNEx4QQpjSEhucEUrRmRPVTQvazZyK2dXK04wMDYvTkZPYVBZOTA2SXJxQk16Qit1Sm1GUTNkWjNWZUFYaDFOb3lTd1dNClpudzJpWWJONHN3THpDNUdVWFBTODJ6SlBzUjAyTFJqZFNsUEx2MDJmSjN5cndDYXk1K0JMUzhDZ1lFQTZQN1cKQWVNeWlZWHE3NWJ5a3BGVjB6R0V0VlhUOWdmaWhtQ3JLZmFPYTN1NVN1Tm9VTWUrV1lyUmo2SlJBeDdpSDkvawpBN2dKckxmbUF0cmlPOEU0cWxkZjV0eWp1WFRST0N1Uk1VbjdkLzJmZGhNbnZkUW1QWkRWM3cxSXJIMzFvbjlVCk9kQmNLNnE2RkpYdkpzRjBLR3dtZEg4cjY5eFZIS01tQjd3bllna0NnWUVBb1lKNXRCY1pnQVFuRDZxUlVKOSsKVkZFUG9VUXRJSVlrdTJ6cGo2Zms1ODgyVkFPVHI5VUZsQlA0T05UcFk3WHpVSFd0TVN0YXR6VGIrdjc2RjBjcwpKT0pvOFROaHFFRVZBUWFGWXdQRU1CVjZkWUFmUTd0eXFkMmpjSEdKQjFVWGNlUXp3TjY4bE5Xak9yYU80eDE0Cm9qdllXNExwZnp0bk1tdnJ2OEFOa2ZjQ2dZRUFoeENMTUticStldkd5RUxodFhOSXBGZjFUVVZHelQyKzVCVVAKeEJDb2VNaE5Ib3Q3UWpDNE9LSVBYMHRCMlNSREF5VS93YVFpLzV2UFcySlZlVHhHUkFESW1FVFpLRDMrdHFnUwp6OWJLVHNHWWVkTWEyNkVxMWMrckcxVlJCcVV5Q3BQeldGeGZ3ZlNEVUVHbVUvb2JBdi9Hdnd1bGcySERlUWxlCmwyZE1FVGtDZ1lFQWlaSWJKVVBpOE5kajIvajdxRWE2NExOeWhubHpHYlJNK0JtRExscWp6dUsrTVE1SVQ0MkMKck9lRCtkRCt2MU5ZaVVZVldjeWtQL1JQNlZMbHZGMDdla2grMEliSkNvZUVjUUYwR1V3QTBBMERzdkRBR29KcQphS0xyclVoc3paSzZHZnByUk5kdmlVQTdIb2cwQnhVWHljWTg3b0VVQnBocHJqaXdxV2xleEl3PQotLS0tLUVORCBSU0EgUFJJVkFURSBLRVktLS0tLQo=",
                            "master_auth.0.cluster_ca_certificate": "LS0tLS1CRUdJTiBDRVJUSUZJQ0FURS0tLS0tCk1JSURDekNDQWZPZ0F3SUJBZ0lRYXBxTUhsdm1iT1A5SlhsM2VxMmZJVEFOQmdrcWhraUc5dzBCQVFzRkFEQXYKTVMwd0t3WURWUVFERXlRek9ESXlPV0psWkMwNE1tRTVMVFJrT0RjdE9EZ3dNeTB6Wm1NeU1HRTVOakptTW1FdwpIaGNOTVRrd01USXhNakl5TnpVMldoY05NalF3TVRJd01qTXlOelUyV2pBdk1TMHdLd1lEVlFRREV5UXpPREl5Ck9XSmxaQzA0TW1FNUxUUmtPRGN0T0Rnd015MHpabU15TUdFNU5qSm1NbUV3Z2dFaU1BMEdDU3FHU0liM0RRRUIKQVFVQUE0SUJEd0F3Z2dFS0FvSUJBUUN1bmlSbTh4dkpsYzdER2lHZVRiZ3o2WDUxUi9pRkdEcW9oUXdIZWQweApaVGVqS3FpK0pPTFNJMHVVOTZ1SG9LdFFGN3JnWHFRWXZ2R3VNQnFmM2tFcHQzd0pCQU5pU3k3UGNlTmdUdVowCkVOY1kwdnVUNmMwRndWejcvQXZPNTZNaVBpN0dObFJFMGEraUJLTWJWWU5mOVRaNEVYUDk1OXR6ZXhrU0dIb3cKWUJWRnNVWk9NS0g4eEY1M3dnOUF4WngyODVjNGNpL0JmQlpGZ2tUaFdqZGZCbHVSRWt5RWE3bnFBakdDZ2V4bAo4NGlKMU9YRC8ya3F5TVczYnY1ZUJoN3A0U2pXdWFML1JoTXc5WEttRWpET05tYk9iTkR5cTBXV3dqVFhaSEFzClNnaFZSU0JxNG9PWkExakNqOG9RV3l6MDBzZ281U09kZ1F0S3VNMjhWSVI3QWdNQkFBR2pJekFoTUE0R0ExVWQKRHdFQi93UUVBd0lDQkRBUEJnTlZIUk1CQWY4RUJUQURBUUgvTUEwR0NTcUdTSWIzRFFFQkN3VUFBNElCQVFDaQpWbmtTVDhJTHNLNWtZWVZmN09oUk5GcUJ0QzM5OGRkUE5vSyt4Q1FpSkZBeWYwR1l3dFRIREpXUUh4cy95emxhCkh2OXB6WUs4a0tYUTdYdDJKdmw5WjhXOE0razRoUTB5cnZTSU45QVZ5OENwYXZiZld2OTdGSjFieUdDRVhDRXUKUUFwb2w1TnhYZHdsYTVoYTJYOTZBMitaSXZzYytzN2dneW1vQnJ3bnNORU91Y29NRGl3dTdITHdIK3YwVHE3dwpGOVNTRXpKdGx5amRKQ3NJWjRLL3MxNzhSRzdUVm03M0N6b2wwU2M0aVNtTk1UZ24xWUl5OUllRlFSaytwTnRxCkZMMXRIeUFHNDFqK3Bta2VnOEMrdk9UWnBBemtXMS9oa2tXMGRLNWt5d1Zuc3YrajRzOXhrYmhNMFVjNGo2SHgKRDdrNnFFQlZ5b0hFb0xKMUt6a1cKLS0tLS1FTkQgQ0VSVElGSUNBVEUtLS0tLQo=",
                            "master_auth.0.password": "yzb7A3MeduE3aqcc",
                            "master_auth.0.username": "admin",
                            "master_authorized_networks_config.#": "0",
                            "master_ipv4_cidr_block": "",
                            "master_version": "1.10.9-gke.5",
                            "monitoring_service": "monitoring.googleapis.com",
                            "name": "gke-cluster-1",
                            "network": "projects/clarapcp-ea-ilyas-husein/global/networks/claranet-test",
                            "network_policy.#": "1",
                            "network_policy.0.enabled": "false",
                            "network_policy.0.provider": "PROVIDER_UNSPECIFIED",
                            "node_config.#": "1",
                            "node_config.0.disk_size_gb": "100",
                            "node_config.0.disk_type": "pd-standard",
                            "node_config.0.guest_accelerator.#": "0",
                            "node_config.0.image_type": "COS",
                            "node_config.0.labels.%": "1",
                            "node_config.0.labels.this-is-for": "dev-cluster",
                            "node_config.0.local_ssd_count": "0",
                            "node_config.0.machine_type": "n1-standard-1",
                            "node_config.0.metadata.%": "0",
                            "node_config.0.min_cpu_platform": "",
                            "node_config.0.oauth_scopes.#": "4",
                            "node_config.0.oauth_scopes.1277378754": "https://www.googleapis.com/auth/monitoring",
                            "node_config.0.oauth_scopes.1632638332": "https://www.googleapis.com/auth/devstorage.read_only",
                            "node_config.0.oauth_scopes.172152165": "https://www.googleapis.com/auth/logging.write",
                            "node_config.0.oauth_scopes.299962681": "https://www.googleapis.com/auth/compute",
                            "node_config.0.preemptible": "false",
                            "node_config.0.service_account": "default",
                            "node_config.0.tags.#": "3",
                            "node_config.0.tags.0": "jenkins",
                            "node_config.0.tags.1": "ssh",
                            "node_config.0.tags.2": "http-server",
                            "node_config.0.taint.#": "0",
                            "node_config.0.workload_metadata_config.#": "0",
                            "node_pool.#": "1",
                            "node_pool.0.autoscaling.#": "0",
                            "node_pool.0.initial_node_count": "1",
                            "node_pool.0.instance_group_urls.#": "1",
                            "node_pool.0.instance_group_urls.0": "https://www.googleapis.com/compute/v1/projects/clarapcp-ea-ilyas-husein/zones/europe-west1-b/instanceGroupManagers/gke-gke-cluster-1-default-pool-5426c520-grp",
                            "node_pool.0.management.#": "1",
                            "node_pool.0.management.0.auto_repair": "false",
                            "node_pool.0.management.0.auto_upgrade": "false",
                            "node_pool.0.max_pods_per_node": "0",
                            "node_pool.0.name": "default-pool",
                            "node_pool.0.name_prefix": "",
                            "node_pool.0.node_config.#": "1",
                            "node_pool.0.node_config.0.disk_size_gb": "100",
                            "node_pool.0.node_config.0.disk_type": "pd-standard",
                            "node_pool.0.node_config.0.guest_accelerator.#": "0",
                            "node_pool.0.node_config.0.image_type": "COS",
                            "node_pool.0.node_config.0.labels.%": "1",
                            "node_pool.0.node_config.0.labels.this-is-for": "dev-cluster",
                            "node_pool.0.node_config.0.local_ssd_count": "0",
                            "node_pool.0.node_config.0.machine_type": "n1-standard-1",
                            "node_pool.0.node_config.0.metadata.%": "0",
                            "node_pool.0.node_config.0.min_cpu_platform": "",
                            "node_pool.0.node_config.0.oauth_scopes.#": "4",
                            "node_pool.0.node_config.0.oauth_scopes.1277378754": "https://www.googleapis.com/auth/monitoring",
                            "node_pool.0.node_config.0.oauth_scopes.1632638332": "https://www.googleapis.com/auth/devstorage.read_only",
                            "node_pool.0.node_config.0.oauth_scopes.172152165": "https://www.googleapis.com/auth/logging.write",
                            "node_pool.0.node_config.0.oauth_scopes.299962681": "https://www.googleapis.com/auth/compute",
                            "node_pool.0.node_config.0.preemptible": "false",
                            "node_pool.0.node_config.0.service_account": "default",
                            "node_pool.0.node_config.0.tags.#": "3",
                            "node_pool.0.node_config.0.tags.0": "jenkins",
                            "node_pool.0.node_config.0.tags.1": "ssh",
                            "node_pool.0.node_config.0.tags.2": "http-server",
                            "node_pool.0.node_config.0.taint.#": "0",
                            "node_pool.0.node_config.0.workload_metadata_config.#": "0",
                            "node_pool.0.node_count": "1",
                            "node_pool.0.version": "1.10.9-gke.5",
                            "node_version": "1.10.9-gke.5",
                            "pod_security_policy_config.#": "0",
                            "private_cluster": "false",
                            "private_cluster_config.#": "0",
                            "project": "clarapcp-ea-ilyas-husein",
                            "resource_labels.%": "0",
                            "subnetwork": "projects/clarapcp-ea-ilyas-husein/regions/europe-west1/subnetworks/claranet-test",
                            "zone": "europe-west1-b"
                        },
                        "meta": {
                            "e2bfb730-ecaa-11e6-8f88-34363bc7c4c0": {
                                "create": 1800000000000,
                                "delete": 1800000000000,
                                "update": 600000000000
                            },
                            "schema_version": "1"
                        },
                        "tainted": false
                    },
                    "deposed": [],
                    "provider": "provider.google"
                }
            },
            "depends_on": []
        }
    ]
}
