{
    "version": 3,
    "terraform_version": "0.11.11",
    "serial": 4,
    "lineage": "6e944c2f-e0aa-f49f-4dd6-d0e63b10ff9f",
    "modules": [
        {
            "path": [
                "root"
            ],
            "outputs": {},
            "resources": {
                "google_container_cluster.gke-cluster": {
                    "type": "google_container_cluster",
                    "depends_on": [],
                    "primary": {
                        "id": "gke-cluster-1",
                        "attributes": {
                            "additional_zones.#": "0",
                            "addons_config.#": "1",
                            "addons_config.0.horizontal_pod_autoscaling.#": "0",
                            "addons_config.0.http_load_balancing.#": "0",
                            "addons_config.0.kubernetes_dashboard.#": "1",
                            "addons_config.0.kubernetes_dashboard.0.disabled": "true",
                            "addons_config.0.network_policy_config.#": "1",
                            "addons_config.0.network_policy_config.0.disabled": "true",
                            "cluster_autoscaling.#": "0",
                            "cluster_ipv4_cidr": "10.12.0.0/14",
                            "description": "",
                            "enable_binary_authorization": "false",
                            "enable_kubernetes_alpha": "false",
                            "enable_legacy_abac": "false",
                            "enable_tpu": "false",
                            "endpoint": "35.241.247.95",
                            "id": "gke-cluster-1",
                            "initial_node_count": "1",
                            "instance_group_urls.#": "1",
                            "instance_group_urls.0": "https://www.googleapis.com/compute/v1/projects/clarapcp-ea-ilyas-husein/zones/europe-west1-b/instanceGroups/gke-gke-cluster-1-default-pool-2172d7ff-grp",
                            "ip_allocation_policy.#": "0",
                            "logging_service": "logging.googleapis.com",
                            "maintenance_policy.#": "0",
                            "master_auth.#": "1",
                            "master_auth.0.client_certificate": "LS0tLS1CRUdJTiBDRVJUSUZJQ0FURS0tLS0tCk1JSUMyakNDQWNLZ0F3SUJBZ0lRT1RsS1prU2hkc1NNbHViZkRFMHRtekFOQmdrcWhraUc5dzBCQVFzRkFEQXYKTVMwd0t3WURWUVFERXlSaFpqQTRNV0U0TkMwNVpEQmpMVFJsTnpRdFlqWXdNeTB6TW1WaE5EVTBObUUzTkRZdwpIaGNOTVRrd01USXhNakF6TXpNMldoY05NalF3TVRJd01qQXpNek0yV2pBUk1ROHdEUVlEVlFRREV3WmpiR2xsCmJuUXdnZ0VpTUEwR0NTcUdTSWIzRFFFQkFRVUFBNElCRHdBd2dnRUtBb0lCQVFEU1NZK3VJM2M0MzB3eVlxY0cKSXlHWXBSZWZKUXN6TmtFMXJQTWZpTWNmUCtpcXVqbldCa2Nrd2dNallUTFl1aURMaDI4RUlPNVRQYmNxZmN2TgpiT3lXY0k5bnRtSFVqVExhSnF2RjhhMWhxQUhUYlNsRzZTRHh1Q21VRjVHN0E4eDhNbUx2RGZxbGtsSnhVcTNuCm0vdmN3YThZV2w4b0NYRERxMkdrYUtCcVh6VE91UU81Y0NXWUVWRUZsdjdtbzhHak1NSkVCZDFkR20xRzFCcnoKbzQ3dk56MGptTnVMeUtvVmVYWlBLcUx1V2ZHL0RLYWtCTjZkb20zRHpEUjBCVkI3dU9KVXlrTExhZE1qNnNsVQoyUG5WQTVXa1p5QXF5cHRyWi9pbWJhQzIydkZqbTJiekFYOXpvWGl1RjN1cCs3UjBBSTUrSEw1bjh1YkEyeVdxCmZpRjdBZ01CQUFHakVEQU9NQXdHQTFVZEV3RUIvd1FDTUFBd0RRWUpLb1pJaHZjTkFRRUxCUUFEZ2dFQkFJU3gKSVFKVHpOZW9Yd1ZYTHZpMm12NnRhMmtBUFZ6RjJSeXk3RXZVMVYwY0lIaE51Vmk5SGNVRnN6WkxKcXNRODlXNApsNVNJUWovYVhEeWFPNlNCOVFXditJREIwMkFnMVVNYVpnYmU1S0Fmb0RVNG9GRVFQMFY4TmlaYzhrbUtaOUdMCkhTc0tnS3JzdEV5L2Zrd0VtaW01S1BOVm5NdjFBQ1RpZ29RY1MweEVLeHAvd0x2Q1VnNHhaQ01jWGJ6U043cm8KbkNBVHRxZ1YzVkVDNXpGcTREaVNSRVJ2eG50enRuTDU3VzBha3pnbENzZWREVjI3V1h5QW1tQkFxY0ROa2R6VgptZGo1NkxQREc4MGZSUC9vdzlvTjJGRzgyYS9HODk2OVg1a0VzSmdOWEZESUY3ODBaQnpTaWwzclFGbllzcXJNCnlzR0NPRWxRS1UrSmdzWFNnYWM9Ci0tLS0tRU5EIENFUlRJRklDQVRFLS0tLS0K",
                            "master_auth.0.client_certificate_config.#": "0",
                            "master_auth.0.client_key": "LS0tLS1CRUdJTiBSU0EgUFJJVkFURSBLRVktLS0tLQpNSUlFb3dJQkFBS0NBUUVBMGttUHJpTjNPTjlNTW1LbkJpTWhtS1VYbnlVTE16WkJOYXp6SDRqSEh6L29xcm81CjFnWkhKTUlESTJFeTJMb2d5NGR2QkNEdVV6MjNLbjNMeld6c2xuQ1BaN1poMUkweTJpYXJ4Zkd0WWFnQjAyMHAKUnVrZzhiZ3BsQmVSdXdQTWZESmk3dzM2cFpKU2NWS3Q1NXY3M01HdkdGcGZLQWx3dzZ0aHBHaWdhbDgwenJrRAp1WEFsbUJGUkJaYis1cVBCb3pEQ1JBWGRYUnB0UnRRYTg2T083emM5STVqYmk4aXFGWGwyVHlxaTdsbnh2d3ltCnBBVGVuYUp0dzh3MGRBVlFlN2ppVk1wQ3kyblRJK3JKVk5qNTFRT1ZwR2NnS3NxYmEyZjRwbTJndHRyeFk1dG0KOHdGL2M2RjRyaGQ3cWZ1MGRBQ09maHkrWi9MbXdOc2xxbjRoZXdJREFRQUJBb0lCQUV1a24zVVdGK0JTM3E5dgpNa0t3WjNqbnhoZit0TWt1dG9WTzJjUFpxVHNSKzZsU1JOUzZ2R082RUhQdEZtUEVqR0I2THRLTzMvdjhnc05iCnJmQ093b29aSWxTOTAvSW4rb2RqaXIyeEFsdlRHaGtLTnVObG4rNmpmdjFnL3hDRlBNemVPUjFoNjJ3Y3R1QkIKekFHNDZBQVFnZUlpUEFHRVo5WlM4MVEzT0tFYVNETy9QaHFadktrNXh4UzBTNDM4bWc5ZWg0WUtwWElzeHFMOQpZNFBvcjNvSUs1cVVQTlpaM1JGY3N6M3h4UC85ZVkxNXV5d0wyRy9pc1hwTnhteml1YUU3Qkt6L3dtcDlKQ05SCmtaQTE3NTg1OVBNeWU5bG5GWHMwNm9SVXZXRXVxWVM5ZXRoZU81S0pQaWVmdGlER2pLWVZSaTdtdnQ4VzV4Y3IKeTI1aEdqMENnWUVBOE5wZklsSGVGM1FabFJod3dlMlBkTDVuWnlGaHpQYUJEamYrckN2TXNQWW1NemRYR1Y4SApxSFc1b3l1UUFkcDlEYzhrdVRwU09Ma0RPZDdwSS9jWTZleUo0UnR0V28zemZMcHl5RSt5YU9mNnR0dG9hRmdBClI3VWphN3BtSllQbVdtV3ZGZkRMWFEyNGtWODFpTzJ4NXFvdktnWlgzYjRhVUVXUlRTVi9jTFVDZ1lFQTM0TVkKZytSeExSc2Jkb0padnZXNDNDdVExeXNRMWRWcmtGbXc5NjlFcW1VVGJvWnYrSDg0ek9aeldtdmJBNUswTTFXcgpkNTFqTE5xZjVNMGJwNU5aK2FHWlpLN25UREk5R08xOHRSRmlMMVVsY3lHQTZJekJOTi9JbUljY3FrMDN5aXdjCjJjVmNjNkNackQyekMyc29TRWkxVzBkdzVTT2xLdWQ2MWY0c0YyOENnWUJzUEFYaWUxM050bHZFdDUzOFdCQk8KaXo0V2gxYlc3N09oT3lLVUpuNnV5Mzd4Sng1YUJXMkFrNTdmcDdUb1VGSkFRV1VrWkFRTS8zOW1vemlyODkvYgpSM1BTbUN1MU5QTkZpdGdJRW1CL2FqZ3RzajJpSG1ISjE2bmFRSUtrdXpocVNTVzhPMkI0S2JGV2lxMlpJZy8vCk0xMU1pbHMwQjdqMWQ3M0xLRjJ6dlFLQmdRQ2U5V3dzK1Ayb2w1dTdkODc5NldIVWE4TngwM1lBcmV6MjEyTHQKZENBQWt5dnpzZmJXSXh5eFZMLzdNYk9zWWR4NG1kZjlsTmhnb1FlUVFITUhoZHM2bHp3eGg5YUZzVUVVaG1ubgptSHBjc1ZDV0JlRFpBcW14d2VtMjJIaUJnYk5JdklDMFBCR1pSa0drWnFqOFdQUm9IQldtMmpNbk0yZVhFTk9pCmQwYkNUd0tCZ0VQK0E3d1FYN216eURNZEI1TDBXalhrVEtVamZZQXl3dHV5dEdrMmJlNVVGcWNqRnQ3WEV4VDAKK09JWTdpakM3ZWxRUlU0U1lpMm1OeWN5SjZoZnpLcDZEaGptdEk4a3lXZnJIQjRKcmtYVEduSzZmbThjSTNabAp2Z1NWeFRrZy9JRVV3KzlxQzNHblRSVS9wWmVuYW8rNFAyaFRrcXdkeFhsWGdFRVpNWlZVCi0tLS0tRU5EIFJTQSBQUklWQVRFIEtFWS0tLS0tCg==",
                            "master_auth.0.cluster_ca_certificate": "LS0tLS1CRUdJTiBDRVJUSUZJQ0FURS0tLS0tCk1JSURDekNDQWZPZ0F3SUJBZ0lRRUpYWnVkOGxHeVpiZ3NRT2oyRFZJVEFOQmdrcWhraUc5dzBCQVFzRkFEQXYKTVMwd0t3WURWUVFERXlSaFpqQTRNV0U0TkMwNVpEQmpMVFJsTnpRdFlqWXdNeTB6TW1WaE5EVTBObUUzTkRZdwpIaGNOTVRrd01USXhNVGt6TXpNMVdoY05NalF3TVRJd01qQXpNek0xV2pBdk1TMHdLd1lEVlFRREV5UmhaakE0Ck1XRTROQzA1WkRCakxUUmxOelF0WWpZd015MHpNbVZoTkRVME5tRTNORFl3Z2dFaU1BMEdDU3FHU0liM0RRRUIKQVFVQUE0SUJEd0F3Z2dFS0FvSUJBUUNyQTFIMUorZkxYOGZENjBUVFB0STg5Y1Ywb210Q1FUQTRNL25BRWZ5awpzUWVxNS9GUklNU1Q2UVhETDhaM3ZTOWYxSHFuS1pIVUhFWVAyUUkvb2psU1lVOFFLRHR2cWNVcHhFVDU4R3pHCkV1Zjk1MXY3M3VCUW15S2ZtMFluTnRLMDJBWDFzUWVnNk10WnY4VXpjNUVPNjd4SnJZbThWUmF1MDZIUndYaWYKRHJhUm95MGNvTi8xQ2Y3Mm1Ld3l3V0J5OGdOMEduU0REMEg2REkxTElIYVlaQ1hKYmFlcEFZTVBWMXV5Qy9hYgpDUG5GMVhiYldXN3BXcFVwWkJWNmdlZmk5YmU3QUxIbk5YbFVHWWlaOG8zRkpzRzBob0ZqUlk2WjQ1UzRYUzRGCmQ2V0RTaHlETUpkUjY3amJ0RTFNQVc1K1psa0JlUE10cXc2TlY0cDNXSnBKQWdNQkFBR2pJekFoTUE0R0ExVWQKRHdFQi93UUVBd0lDQkRBUEJnTlZIUk1CQWY4RUJUQURBUUgvTUEwR0NTcUdTSWIzRFFFQkN3VUFBNElCQVFBawp6S3g3UEUrbjdGeHBJdzBOckFsNE5EdTJibGNBYlZwemZZMGd2YWRyWlNXd0FCakI3U1pSTW8yRyt3SkhwcFozCmlHT2ZYVys0bitXMjVpVFVLMmRKakw3bXVsQjdoVUNsYXk3amJzM0V0ZnNQNGI5SGpmNFdyaFd0YWlOMWJnZk4KNGM3QThsYUlQSFQvYjRrRlZ2VXcxNGFrQjI0bnJhZ093cDgvS0JYeW1LY2Y2N0FpVklxNGF0aVgrVzhhNUdBTQpadHR5NTBqS2NzNWxxR1M4WjhyZEQ3Z1FPYXFWeVdLUFQvMW1uQjBYRG0yaWV5UnVmbWFJK1M3TDZKbW9jYTBvCm1lMlZLUGQ4ejBINWhpZ0NQM3dyZmQ3ZUtxdjZlRHVtalh5QVA0Z05SMmpDUDllUmZidjRvYzNCbm1KSVloUmkKQWYvWDVXTUdUMlNzakZFSFlYaTMKLS0tLS1FTkQgQ0VSVElGSUNBVEUtLS0tLQo=",
                            "master_auth.0.password": "5V3p6yUXrkGELt8I",
                            "master_auth.0.username": "admin",
                            "master_authorized_networks_config.#": "0",
                            "master_ipv4_cidr_block": "",
                            "master_version": "1.10.9-gke.5",
                            "monitoring_service": "monitoring.googleapis.com",
                            "name": "gke-cluster-1",
                            "network": "projects/clarapcp-ea-ilyas-husein/global/networks/claranet-test",
                            "network_policy.#": "1",
                            "network_policy.0.enabled": "false",
                            "network_policy.0.provider": "PROVIDER_UNSPECIFIED",
                            "node_config.#": "1",
                            "node_config.0.disk_size_gb": "100",
                            "node_config.0.disk_type": "pd-standard",
                            "node_config.0.guest_accelerator.#": "0",
                            "node_config.0.image_type": "COS",
                            "node_config.0.labels.%": "1",
                            "node_config.0.labels.this-is-for": "dev-cluster",
                            "node_config.0.local_ssd_count": "0",
                            "node_config.0.machine_type": "n1-standard-1",
                            "node_config.0.metadata.%": "0",
                            "node_config.0.min_cpu_platform": "",
                            "node_config.0.oauth_scopes.#": "4",
                            "node_config.0.oauth_scopes.1277378754": "https://www.googleapis.com/auth/monitoring",
                            "node_config.0.oauth_scopes.1632638332": "https://www.googleapis.com/auth/devstorage.read_only",
                            "node_config.0.oauth_scopes.172152165": "https://www.googleapis.com/auth/logging.write",
                            "node_config.0.oauth_scopes.299962681": "https://www.googleapis.com/auth/compute",
                            "node_config.0.preemptible": "false",
                            "node_config.0.service_account": "default",
                            "node_config.0.tags.#": "3",
                            "node_config.0.tags.0": "jenkins",
                            "node_config.0.tags.1": "ssh",
                            "node_config.0.tags.2": "http-server",
                            "node_config.0.taint.#": "0",
                            "node_config.0.workload_metadata_config.#": "0",
                            "node_pool.#": "1",
                            "node_pool.0.autoscaling.#": "0",
                            "node_pool.0.initial_node_count": "1",
                            "node_pool.0.instance_group_urls.#": "1",
                            "node_pool.0.instance_group_urls.0": "https://www.googleapis.com/compute/v1/projects/clarapcp-ea-ilyas-husein/zones/europe-west1-b/instanceGroupManagers/gke-gke-cluster-1-default-pool-2172d7ff-grp",
                            "node_pool.0.management.#": "1",
                            "node_pool.0.management.0.auto_repair": "false",
                            "node_pool.0.management.0.auto_upgrade": "false",
                            "node_pool.0.max_pods_per_node": "0",
                            "node_pool.0.name": "default-pool",
                            "node_pool.0.name_prefix": "",
                            "node_pool.0.node_config.#": "1",
                            "node_pool.0.node_config.0.disk_size_gb": "100",
                            "node_pool.0.node_config.0.disk_type": "pd-standard",
                            "node_pool.0.node_config.0.guest_accelerator.#": "0",
                            "node_pool.0.node_config.0.image_type": "COS",
                            "node_pool.0.node_config.0.labels.%": "1",
                            "node_pool.0.node_config.0.labels.this-is-for": "dev-cluster",
                            "node_pool.0.node_config.0.local_ssd_count": "0",
                            "node_pool.0.node_config.0.machine_type": "n1-standard-1",
                            "node_pool.0.node_config.0.metadata.%": "0",
                            "node_pool.0.node_config.0.min_cpu_platform": "",
                            "node_pool.0.node_config.0.oauth_scopes.#": "4",
                            "node_pool.0.node_config.0.oauth_scopes.1277378754": "https://www.googleapis.com/auth/monitoring",
                            "node_pool.0.node_config.0.oauth_scopes.1632638332": "https://www.googleapis.com/auth/devstorage.read_only",
                            "node_pool.0.node_config.0.oauth_scopes.172152165": "https://www.googleapis.com/auth/logging.write",
                            "node_pool.0.node_config.0.oauth_scopes.299962681": "https://www.googleapis.com/auth/compute",
                            "node_pool.0.node_config.0.preemptible": "false",
                            "node_pool.0.node_config.0.service_account": "default",
                            "node_pool.0.node_config.0.tags.#": "3",
                            "node_pool.0.node_config.0.tags.0": "jenkins",
                            "node_pool.0.node_config.0.tags.1": "ssh",
                            "node_pool.0.node_config.0.tags.2": "http-server",
                            "node_pool.0.node_config.0.taint.#": "0",
                            "node_pool.0.node_config.0.workload_metadata_config.#": "0",
                            "node_pool.0.node_count": "1",
                            "node_pool.0.version": "1.10.9-gke.5",
                            "node_version": "1.10.9-gke.5",
                            "pod_security_policy_config.#": "0",
                            "private_cluster": "false",
                            "private_cluster_config.#": "0",
                            "project": "clarapcp-ea-ilyas-husein",
                            "resource_labels.%": "0",
                            "subnetwork": "projects/clarapcp-ea-ilyas-husein/regions/europe-west1/subnetworks/claranet-test",
                            "zone": "europe-west1-b"
                        },
                        "meta": {
                            "e2bfb730-ecaa-11e6-8f88-34363bc7c4c0": {
                                "create": 1800000000000,
                                "delete": 1800000000000,
                                "update": 600000000000
                            },
                            "schema_version": "1"
                        },
                        "tainted": false
                    },
                    "deposed": [],
                    "provider": "provider.google"
                }
            },
            "depends_on": []
        }
    ]
}
